
Microsoft Visual Studio Solution File, Format Version 12.00
# Visual Studio Version 17
VisualStudioVersion = 17.11.35327.3
MinimumVisualStudioVersion = 10.0.40219.1
Project("{FAE04EC0-301F-11D3-BF4B-00C04F79EFBC}") = "GANAN_LoyaltyPoints", "GANAN_LoyaltyPoints\GANAN_LoyaltyPoints.csproj", "{B7DADDF3-D4BC-474C-B50E-1E2D1D5B1D97}"
EndProject
Global
	GlobalSection(SolutionConfigurationPlatforms) = preSolution
		Debug|Any CPU = Debug|Any CPU
		Release|Any CPU = Release|Any CPU
	EndGlobalSection
	GlobalSection(ProjectConfigurationPlatforms) = postSolution
		{B7DADDF3-D4BC-474C-B50E-1E2D1D5B1D97}.Debug|Any CPU.ActiveCfg = Debug|Any CPU
		{B7DADDF3-D4BC-474C-B50E-1E2D1D5B1D97}.Debug|Any CPU.Build.0 = Debug|Any CPU
		{B7DADDF3-D4BC-474C-B50E-1E2D1D5B1D97}.Release|Any CPU.ActiveCfg = Release|Any CPU
		{B7DADDF3-D4BC-474C-B50E-1E2D1D5B1D97}.Release|Any CPU.Build.0 = Release|Any CPU
	EndGlobalSection
	GlobalSection(SolutionProperties) = preSolution
		HideSolutionNode = FALSE
	EndGlobalSection
	GlobalSection(ExtensibilityGlobals) = postSolution
		SolutionGuid = {5AAAE90E-3B2F-469D-97F2-C3838D559BCB}
	EndGlobalSection
EndGlobal
